
Microsoft Visual Studio Solution File, Format Version 12.00
# Visual Studio Version 17
VisualStudioVersion = 17.2.32630.192
MinimumVisualStudioVersion = 10.0.40219.1
Project("{FAE04EC0-301F-11D3-BF4B-00C04F79EFBC}") = "API", "API\API.csproj", "{068084DF-9199-4FD7-B264-602675F66102}"
EndProject
Global
	GlobalSection(SolutionConfigurationPlatforms) = preSolution
		Debug|Any CPU = Debug|Any CPU
		Release|Any CPU = Release|Any CPU
	EndGlobalSection
	GlobalSection(ProjectConfigurationPlatforms) = postSolution
		{068084DF-9199-4FD7-B264-602675F66102}.Debug|Any CPU.ActiveCfg = Debug|Any CPU
		{068084DF-9199-4FD7-B264-602675F66102}.Debug|Any CPU.Build.0 = Debug|Any CPU
		{068084DF-9199-4FD7-B264-602675F66102}.Release|Any CPU.ActiveCfg = Release|Any CPU
		{068084DF-9199-4FD7-B264-602675F66102}.Release|Any CPU.Build.0 = Release|Any CPU
	EndGlobalSection
	GlobalSection(SolutionProperties) = preSolution
		HideSolutionNode = FALSE
	EndGlobalSection
	GlobalSection(ExtensibilityGlobals) = postSolution
		SolutionGuid = {7813B0A6-9B7E-46CC-B37A-F7C141C32055}
	EndGlobalSection
EndGlobal
